
Microsoft Visual Studio Solution File, Format Version 12.00
# Visual Studio Version 17
VisualStudioVersion = 17.11.35303.130
MinimumVisualStudioVersion = 10.0.40219.1
Project("{FAE04EC0-301F-11D3-BF4B-00C04F79EFBC}") = "Edi.Gravatar", "Edi.Gravatar\Edi.Gravatar.csproj", "{D8616C12-D33C-442D-A60D-6671533D482C}"
EndProject
Project("{FAE04EC0-301F-11D3-BF4B-00C04F79EFBC}") = "Edi.Gravatar.Tests", "Edi.Gravatar.Tests\Edi.Gravatar.Tests.csproj", "{711C502F-053D-419C-97EA-81FC08C39DE8}"
EndProject
Global
	GlobalSection(SolutionConfigurationPlatforms) = preSolution
		Debug|Any CPU = Debug|Any CPU
		Release|Any CPU = Release|Any CPU
	EndGlobalSection
	GlobalSection(ProjectConfigurationPlatforms) = postSolution
		{D8616C12-D33C-442D-A60D-6671533D482C}.Debug|Any CPU.ActiveCfg = Debug|Any CPU
		{D8616C12-D33C-442D-A60D-6671533D482C}.Debug|Any CPU.Build.0 = Debug|Any CPU
		{D8616C12-D33C-442D-A60D-6671533D482C}.Release|Any CPU.ActiveCfg = Release|Any CPU
		{D8616C12-D33C-442D-A60D-6671533D482C}.Release|Any CPU.Build.0 = Release|Any CPU
		{711C502F-053D-419C-97EA-81FC08C39DE8}.Debug|Any CPU.ActiveCfg = Debug|Any CPU
		{711C502F-053D-419C-97EA-81FC08C39DE8}.Debug|Any CPU.Build.0 = Debug|Any CPU
		{711C502F-053D-419C-97EA-81FC08C39DE8}.Release|Any CPU.ActiveCfg = Release|Any CPU
		{711C502F-053D-419C-97EA-81FC08C39DE8}.Release|Any CPU.Build.0 = Release|Any CPU
	EndGlobalSection
	GlobalSection(SolutionProperties) = preSolution
		HideSolutionNode = FALSE
	EndGlobalSection
	GlobalSection(ExtensibilityGlobals) = postSolution
		SolutionGuid = {0F6EEA9D-57B2-43FD-BBD3-A23038AB0094}
	EndGlobalSection
EndGlobal
